// !$*UTF8*$!
{
	archiveVersion = 1;
	classes = {
	};
	objectVersion = 46;
	objects = {

/* Begin PBXBuildFile section */
		04BBA41F1812720F00E9B81A /* Foundation.framework in Frameworks */ = {isa = PBXBuildFile; fileRef = 04BBA41E1812720F00E9B81A /* Foundation.framework */; };
		04BBA4211812720F00E9B81A /* CoreGraphics.framework in Frameworks */ = {isa = PBXBuildFile; fileRef = 04BBA4201812720F00E9B81A /* CoreGraphics.framework */; };
		04BBA4231812720F00E9B81A /* UIKit.framework in Frameworks */ = {isa = PBXBuildFile; fileRef = 04BBA4221812720F00E9B81A /* UIKit.framework */; };
		04BBA4291812720F00E9B81A /* InfoPlist.strings in Resources */ = {isa = PBXBuildFile; fileRef = 04BBA4271812720F00E9B81A /* InfoPlist.strings */; };
		04BBA42B1812720F00E9B81A /* main.m in Sources */ = {isa = PBXBuildFile; fileRef = 04BBA42A1812720F00E9B81A /* main.m */; };
		04BBA42F1812720F00E9B81A /* AppDelegate.m in Sources */ = {isa = PBXBuildFile; fileRef = 04BBA42E1812720F00E9B81A /* AppDelegate.m */; };
		04BBA4321812720F00E9B81A /* Main.storyboard in Resources */ = {isa = PBXBuildFile; fileRef = 04BBA4301812720F00E9B81A /* Main.storyboard */; };
		04BBA4351812720F00E9B81A /* BlanksViewController.m in Sources */ = {isa = PBXBuildFile; fileRef = 04BBA4341812720F00E9B81A /* BlanksViewController.m */; };
		04BBA4381812720F00E9B81A /* OptionsViewController.m in Sources */ = {isa = PBXBuildFile; fileRef = 04BBA4371812720F00E9B81A /* OptionsViewController.m */; };
		04BBA43A1812720F00E9B81A /* Images.xcassets in Resources */ = {isa = PBXBuildFile; fileRef = 04BBA4391812720F00E9B81A /* Images.xcassets */; };
		04BBA4411812720F00E9B81A /* XCTest.framework in Frameworks */ = {isa = PBXBuildFile; fileRef = 04BBA4401812720F00E9B81A /* XCTest.framework */; };
		04BBA4421812720F00E9B81A /* Foundation.framework in Frameworks */ = {isa = PBXBuildFile; fileRef = 04BBA41E1812720F00E9B81A /* Foundation.framework */; };
		04BBA4431812720F00E9B81A /* UIKit.framework in Frameworks */ = {isa = PBXBuildFile; fileRef = 04BBA4221812720F00E9B81A /* UIKit.framework */; };
		04BBA44B1812720F00E9B81A /* InfoPlist.strings in Resources */ = {isa = PBXBuildFile; fileRef = 04BBA4491812720F00E9B81A /* InfoPlist.strings */; };
		04BBA44D1812720F00E9B81A /* BlanksTests.m in Sources */ = {isa = PBXBuildFile; fileRef = 04BBA44C1812720F00E9B81A /* BlanksTests.m */; };
		04BBA45A1812B40700E9B81A /* average.plist in Resources */ = {isa = PBXBuildFile; fileRef = 04BBA4591812B40700E9B81A /* average.plist */; };
		04BBA45B1812B40700E9B81A /* average.plist in Resources */ = {isa = PBXBuildFile; fileRef = 04BBA4591812B40700E9B81A /* average.plist */; };
		04BBA4611812B4E500E9B81A /* Foundation.framework in Frameworks */ = {isa = PBXBuildFile; fileRef = 04BBA41E1812720F00E9B81A /* Foundation.framework */; };
		04BBA4621812B4E500E9B81A /* CoreGraphics.framework in Frameworks */ = {isa = PBXBuildFile; fileRef = 04BBA4201812720F00E9B81A /* CoreGraphics.framework */; };
		04BBA4631812B4E500E9B81A /* UIKit.framework in Frameworks */ = {isa = PBXBuildFile; fileRef = 04BBA4221812720F00E9B81A /* UIKit.framework */; };
		04BBA4801812B4E500E9B81A /* XCTest.framework in Frameworks */ = {isa = PBXBuildFile; fileRef = 04BBA4401812720F00E9B81A /* XCTest.framework */; };
		04BBA4811812B4E500E9B81A /* Foundation.framework in Frameworks */ = {isa = PBXBuildFile; fileRef = 04BBA41E1812720F00E9B81A /* Foundation.framework */; };
		04BBA4821812B4E500E9B81A /* UIKit.framework in Frameworks */ = {isa = PBXBuildFile; fileRef = 04BBA4221812720F00E9B81A /* UIKit.framework */; };
		04BBA48A1812B4E500E9B81A /* InfoPlist.strings in Resources */ = {isa = PBXBuildFile; fileRef = 04BBA4881812B4E500E9B81A /* InfoPlist.strings */; };
		04BBA48C1812B4E500E9B81A /* MoreBlanksTests.m in Sources */ = {isa = PBXBuildFile; fileRef = 04BBA48B1812B4E500E9B81A /* MoreBlanksTests.m */; };
		04BBA4931812B5AE00E9B81A /* AppDelegate.m in Sources */ = {isa = PBXBuildFile; fileRef = 04BBA42E1812720F00E9B81A /* AppDelegate.m */; };
		04BBA4941812B5B300E9B81A /* BlanksViewController.m in Sources */ = {isa = PBXBuildFile; fileRef = 04BBA4341812720F00E9B81A /* BlanksViewController.m */; };
		04BBA4951812B5B700E9B81A /* OptionsViewController.m in Sources */ = {isa = PBXBuildFile; fileRef = 04BBA4371812720F00E9B81A /* OptionsViewController.m */; };
		04BBA4961812B5BB00E9B81A /* main.m in Sources */ = {isa = PBXBuildFile; fileRef = 04BBA42A1812720F00E9B81A /* main.m */; };
		04BBA4971812B5D200E9B81A /* Images.xcassets in Resources */ = {isa = PBXBuildFile; fileRef = 04BBA4391812720F00E9B81A /* Images.xcassets */; };
		04BBA4981812B5D500E9B81A /* Main.storyboard in Resources */ = {isa = PBXBuildFile; fileRef = 04BBA4301812720F00E9B81A /* Main.storyboard */; };
		04BBA4991812B5DD00E9B81A /* InfoPlist.strings in Resources */ = {isa = PBXBuildFile; fileRef = 04BBA4671812B4E500E9B81A /* InfoPlist.strings */; };
/* End PBXBuildFile section */

/* Begin PBXContainerItemProxy section */
		04BBA4441812720F00E9B81A /* PBXContainerItemProxy */ = {
			isa = PBXContainerItemProxy;
			containerPortal = 04BBA4131812720F00E9B81A /* Project object */;
			proxyType = 1;
			remoteGlobalIDString = 04BBA41A1812720F00E9B81A;
			remoteInfo = Blanks;
		};
		04BBA4831812B4E500E9B81A /* PBXContainerItemProxy */ = {
			isa = PBXContainerItemProxy;
			containerPortal = 04BBA4131812720F00E9B81A /* Project object */;
			proxyType = 1;
			remoteGlobalIDString = 04BBA45F1812B4E500E9B81A;
			remoteInfo = MoreBlanks;
		};
/* End PBXContainerItemProxy section */

/* Begin PBXFileReference section */
		04BBA41B1812720F00E9B81A /* Blanks.app */ = {isa = PBXFileReference; explicitFileType = wrapper.application; includeInIndex = 0; path = Blanks.app; sourceTree = BUILT_PRODUCTS_DIR; };
		04BBA41E1812720F00E9B81A /* Foundation.framework */ = {isa = PBXFileReference; lastKnownFileType = wrapper.framework; name = Foundation.framework; path = System/Library/Frameworks/Foundation.framework; sourceTree = SDKROOT; };
		04BBA4201812720F00E9B81A /* CoreGraphics.framework */ = {isa = PBXFileReference; lastKnownFileType = wrapper.framework; name = CoreGraphics.framework; path = System/Library/Frameworks/CoreGraphics.framework; sourceTree = SDKROOT; };
		04BBA4221812720F00E9B81A /* UIKit.framework */ = {isa = PBXFileReference; lastKnownFileType = wrapper.framework; name = UIKit.framework; path = System/Library/Frameworks/UIKit.framework; sourceTree = SDKROOT; };
		04BBA4261812720F00E9B81A /* Blanks-Info.plist */ = {isa = PBXFileReference; lastKnownFileType = text.plist.xml; path = "Blanks-Info.plist"; sourceTree = "<group>"; };
		04BBA4281812720F00E9B81A /* en */ = {isa = PBXFileReference; lastKnownFileType = text.plist.strings; name = en; path = en.lproj/InfoPlist.strings; sourceTree = "<group>"; };
		04BBA42A1812720F00E9B81A /* main.m */ = {isa = PBXFileReference; lastKnownFileType = sourcecode.c.objc; path = main.m; sourceTree = "<group>"; };
		04BBA42C1812720F00E9B81A /* Blanks-Prefix.pch */ = {isa = PBXFileReference; lastKnownFileType = sourcecode.c.h; path = "Blanks-Prefix.pch"; sourceTree = "<group>"; };
		04BBA42D1812720F00E9B81A /* AppDelegate.h */ = {isa = PBXFileReference; lastKnownFileType = sourcecode.c.h; path = AppDelegate.h; sourceTree = "<group>"; };
		04BBA42E1812720F00E9B81A /* AppDelegate.m */ = {isa = PBXFileReference; lastKnownFileType = sourcecode.c.objc; path = AppDelegate.m; sourceTree = "<group>"; };
		04BBA4311812720F00E9B81A /* Base */ = {isa = PBXFileReference; lastKnownFileType = file.storyboard; name = Base; path = Base.lproj/Main.storyboard; sourceTree = "<group>"; };
		04BBA4331812720F00E9B81A /* BlanksViewController.h */ = {isa = PBXFileReference; lastKnownFileType = sourcecode.c.h; path = BlanksViewController.h; sourceTree = "<group>"; };
		04BBA4341812720F00E9B81A /* BlanksViewController.m */ = {isa = PBXFileReference; lastKnownFileType = sourcecode.c.objc; path = BlanksViewController.m; sourceTree = "<group>"; };
		04BBA4361812720F00E9B81A /* OptionsViewController.h */ = {isa = PBXFileReference; lastKnownFileType = sourcecode.c.h; path = OptionsViewController.h; sourceTree = "<group>"; };
		04BBA4371812720F00E9B81A /* OptionsViewController.m */ = {isa = PBXFileReference; lastKnownFileType = sourcecode.c.objc; path = OptionsViewController.m; sourceTree = "<group>"; };
		04BBA4391812720F00E9B81A /* Images.xcassets */ = {isa = PBXFileReference; lastKnownFileType = folder.assetcatalog; path = Images.xcassets; sourceTree = "<group>"; };
		04BBA43F1812720F00E9B81A /* BlanksTests.xctest */ = {isa = PBXFileReference; explicitFileType = wrapper.cfbundle; includeInIndex = 0; path = BlanksTests.xctest; sourceTree = BUILT_PRODUCTS_DIR; };
		04BBA4401812720F00E9B81A /* XCTest.framework */ = {isa = PBXFileReference; lastKnownFileType = wrapper.framework; name = XCTest.framework; path = Library/Frameworks/XCTest.framework; sourceTree = DEVELOPER_DIR; };
		04BBA4481812720F00E9B81A /* BlanksTests-Info.plist */ = {isa = PBXFileReference; lastKnownFileType = text.plist.xml; path = "BlanksTests-Info.plist"; sourceTree = "<group>"; };
		04BBA44A1812720F00E9B81A /* en */ = {isa = PBXFileReference; lastKnownFileType = text.plist.strings; name = en; path = en.lproj/InfoPlist.strings; sourceTree = "<group>"; };
		04BBA44C1812720F00E9B81A /* BlanksTests.m */ = {isa = PBXFileReference; lastKnownFileType = sourcecode.c.objc; path = BlanksTests.m; sourceTree = "<group>"; };
		04BBA4591812B40700E9B81A /* average.plist */ = {isa = PBXFileReference; fileEncoding = 4; lastKnownFileType = text.plist.xml; path = average.plist; sourceTree = "<group>"; };
		04BBA4601812B4E500E9B81A /* MoreBlanks.app */ = {isa = PBXFileReference; explicitFileType = wrapper.application; includeInIndex = 0; path = MoreBlanks.app; sourceTree = BUILT_PRODUCTS_DIR; };
		04BBA4661812B4E500E9B81A /* MoreBlanks-Info.plist */ = {isa = PBXFileReference; lastKnownFileType = text.plist.xml; path = "MoreBlanks-Info.plist"; sourceTree = "<group>"; };
		04BBA4681812B4E500E9B81A /* en */ = {isa = PBXFileReference; lastKnownFileType = text.plist.strings; name = en; path = en.lproj/InfoPlist.strings; sourceTree = "<group>"; };
		04BBA46A1812B4E500E9B81A /* main.m */ = {isa = PBXFileReference; lastKnownFileType = sourcecode.c.objc; path = main.m; sourceTree = "<group>"; };
		04BBA46C1812B4E500E9B81A /* MoreBlanks-Prefix.pch */ = {isa = PBXFileReference; lastKnownFileType = sourcecode.c.h; path = "MoreBlanks-Prefix.pch"; sourceTree = "<group>"; };
		04BBA46D1812B4E500E9B81A /* AppDelegate.h */ = {isa = PBXFileReference; lastKnownFileType = sourcecode.c.h; path = AppDelegate.h; sourceTree = "<group>"; };
		04BBA46E1812B4E500E9B81A /* AppDelegate.m */ = {isa = PBXFileReference; lastKnownFileType = sourcecode.c.objc; path = AppDelegate.m; sourceTree = "<group>"; };
		04BBA4711812B4E500E9B81A /* Base */ = {isa = PBXFileReference; lastKnownFileType = file.storyboard; name = Base; path = Base.lproj/Main.storyboard; sourceTree = "<group>"; };
		04BBA4731812B4E500E9B81A /* MainViewController.h */ = {isa = PBXFileReference; lastKnownFileType = sourcecode.c.h; path = MainViewController.h; sourceTree = "<group>"; };
		04BBA4741812B4E500E9B81A /* MainViewController.m */ = {isa = PBXFileReference; lastKnownFileType = sourcecode.c.objc; path = MainViewController.m; sourceTree = "<group>"; };
		04BBA4761812B4E500E9B81A /* FlipsideViewController.h */ = {isa = PBXFileReference; lastKnownFileType = sourcecode.c.h; path = FlipsideViewController.h; sourceTree = "<group>"; };
		04BBA4771812B4E500E9B81A /* FlipsideViewController.m */ = {isa = PBXFileReference; lastKnownFileType = sourcecode.c.objc; path = FlipsideViewController.m; sourceTree = "<group>"; };
		04BBA4791812B4E500E9B81A /* Images.xcassets */ = {isa = PBXFileReference; lastKnownFileType = folder.assetcatalog; path = Images.xcassets; sourceTree = "<group>"; };
		04BBA47F1812B4E500E9B81A /* MoreBlanksTests.xctest */ = {isa = PBXFileReference; explicitFileType = wrapper.cfbundle; includeInIndex = 0; path = MoreBlanksTests.xctest; sourceTree = BUILT_PRODUCTS_DIR; };
		04BBA4871812B4E500E9B81A /* MoreBlanksTests-Info.plist */ = {isa = PBXFileReference; lastKnownFileType = text.plist.xml; path = "MoreBlanksTests-Info.plist"; sourceTree = "<group>"; };
		04BBA4891812B4E500E9B81A /* en */ = {isa = PBXFileReference; lastKnownFileType = text.plist.strings; name = en; path = en.lproj/InfoPlist.strings; sourceTree = "<group>"; };
		04BBA48B1812B4E500E9B81A /* MoreBlanksTests.m */ = {isa = PBXFileReference; lastKnownFileType = sourcecode.c.objc; path = MoreBlanksTests.m; sourceTree = "<group>"; };
/* End PBXFileReference section */

/* Begin PBXFrameworksBuildPhase section */
		04BBA4181812720F00E9B81A /* Frameworks */ = {
			isa = PBXFrameworksBuildPhase;
			buildActionMask = 2147483647;
			files = (
				04BBA4211812720F00E9B81A /* CoreGraphics.framework in Frameworks */,
				04BBA4231812720F00E9B81A /* UIKit.framework in Frameworks */,
				04BBA41F1812720F00E9B81A /* Foundation.framework in Frameworks */,
			);
			runOnlyForDeploymentPostprocessing = 0;
		};
		04BBA43C1812720F00E9B81A /* Frameworks */ = {
			isa = PBXFrameworksBuildPhase;
			buildActionMask = 2147483647;
			files = (
				04BBA4411812720F00E9B81A /* XCTest.framework in Frameworks */,
				04BBA4431812720F00E9B81A /* UIKit.framework in Frameworks */,
				04BBA4421812720F00E9B81A /* Foundation.framework in Frameworks */,
			);
			runOnlyForDeploymentPostprocessing = 0;
		};
		04BBA45D1812B4E500E9B81A /* Frameworks */ = {
			isa = PBXFrameworksBuildPhase;
			buildActionMask = 2147483647;
			files = (
				04BBA4621812B4E500E9B81A /* CoreGraphics.framework in Frameworks */,
				04BBA4631812B4E500E9B81A /* UIKit.framework in Frameworks */,
				04BBA4611812B4E500E9B81A /* Foundation.framework in Frameworks */,
			);
			runOnlyForDeploymentPostprocessing = 0;
		};
		04BBA47C1812B4E500E9B81A /* Frameworks */ = {
			isa = PBXFrameworksBuildPhase;
			buildActionMask = 2147483647;
			files = (
				04BBA4801812B4E500E9B81A /* XCTest.framework in Frameworks */,
				04BBA4821812B4E500E9B81A /* UIKit.framework in Frameworks */,
				04BBA4811812B4E500E9B81A /* Foundation.framework in Frameworks */,
			);
			runOnlyForDeploymentPostprocessing = 0;
		};
/* End PBXFrameworksBuildPhase section */

/* Begin PBXGroup section */
		04BBA4121812720F00E9B81A = {
			isa = PBXGroup;
			children = (
				04BBA4241812720F00E9B81A /* Blanks */,
				04BBA4461812720F00E9B81A /* BlanksTests */,
				04BBA4641812B4E500E9B81A /* MoreBlanks */,
				04BBA4851812B4E500E9B81A /* MoreBlanksTests */,
				04BBA41D1812720F00E9B81A /* Frameworks */,
				04BBA41C1812720F00E9B81A /* Products */,
			);
			sourceTree = "<group>";
		};
		04BBA41C1812720F00E9B81A /* Products */ = {
			isa = PBXGroup;
			children = (
				04BBA41B1812720F00E9B81A /* Blanks.app */,
				04BBA43F1812720F00E9B81A /* BlanksTests.xctest */,
				04BBA4601812B4E500E9B81A /* MoreBlanks.app */,
				04BBA47F1812B4E500E9B81A /* MoreBlanksTests.xctest */,
			);
			name = Products;
			sourceTree = "<group>";
		};
		04BBA41D1812720F00E9B81A /* Frameworks */ = {
			isa = PBXGroup;
			children = (
				04BBA41E1812720F00E9B81A /* Foundation.framework */,
				04BBA4201812720F00E9B81A /* CoreGraphics.framework */,
				04BBA4221812720F00E9B81A /* UIKit.framework */,
				04BBA4401812720F00E9B81A /* XCTest.framework */,
			);
			name = Frameworks;
			sourceTree = "<group>";
		};
		04BBA4241812720F00E9B81A /* Blanks */ = {
			isa = PBXGroup;
			children = (
				04BBA42D1812720F00E9B81A /* AppDelegate.h */,
				04BBA42E1812720F00E9B81A /* AppDelegate.m */,
				04BBA4301812720F00E9B81A /* Main.storyboard */,
				04BBA4331812720F00E9B81A /* BlanksViewController.h */,
				04BBA4341812720F00E9B81A /* BlanksViewController.m */,
				04BBA4361812720F00E9B81A /* OptionsViewController.h */,
				04BBA4371812720F00E9B81A /* OptionsViewController.m */,
				04BBA4391812720F00E9B81A /* Images.xcassets */,
				04BBA4251812720F00E9B81A /* Supporting Files */,
			);
			path = Blanks;
			sourceTree = "<group>";
		};
		04BBA4251812720F00E9B81A /* Supporting Files */ = {
			isa = PBXGroup;
			children = (
				04BBA4591812B40700E9B81A /* average.plist */,
				04BBA4261812720F00E9B81A /* Blanks-Info.plist */,
				04BBA4271812720F00E9B81A /* InfoPlist.strings */,
				04BBA42A1812720F00E9B81A /* main.m */,
				04BBA42C1812720F00E9B81A /* Blanks-Prefix.pch */,
			);
			name = "Supporting Files";
			sourceTree = "<group>";
		};
		04BBA4461812720F00E9B81A /* BlanksTests */ = {
			isa = PBXGroup;
			children = (
				04BBA44C1812720F00E9B81A /* BlanksTests.m */,
				04BBA4471812720F00E9B81A /* Supporting Files */,
			);
			path = BlanksTests;
			sourceTree = "<group>";
		};
		04BBA4471812720F00E9B81A /* Supporting Files */ = {
			isa = PBXGroup;
			children = (
				04BBA4481812720F00E9B81A /* BlanksTests-Info.plist */,
				04BBA4491812720F00E9B81A /* InfoPlist.strings */,
			);
			name = "Supporting Files";
			sourceTree = "<group>";
		};
		04BBA4641812B4E500E9B81A /* MoreBlanks */ = {
			isa = PBXGroup;
			children = (
				04BBA46D1812B4E500E9B81A /* AppDelegate.h */,
				04BBA46E1812B4E500E9B81A /* AppDelegate.m */,
				04BBA4701812B4E500E9B81A /* Main.storyboard */,
				04BBA4731812B4E500E9B81A /* MainViewController.h */,
				04BBA4741812B4E500E9B81A /* MainViewController.m */,
				04BBA4761812B4E500E9B81A /* FlipsideViewController.h */,
				04BBA4771812B4E500E9B81A /* FlipsideViewController.m */,
				04BBA4791812B4E500E9B81A /* Images.xcassets */,
				04BBA4651812B4E500E9B81A /* Supporting Files */,
			);
			path = MoreBlanks;
			sourceTree = "<group>";
		};
		04BBA4651812B4E500E9B81A /* Supporting Files */ = {
			isa = PBXGroup;
			children = (
				04BBA4661812B4E500E9B81A /* MoreBlanks-Info.plist */,
				04BBA4671812B4E500E9B81A /* InfoPlist.strings */,
				04BBA46A1812B4E500E9B81A /* main.m */,
				04BBA46C1812B4E500E9B81A /* MoreBlanks-Prefix.pch */,
			);
			name = "Supporting Files";
			sourceTree = "<group>";
		};
		04BBA4851812B4E500E9B81A /* MoreBlanksTests */ = {
			isa = PBXGroup;
			children = (
				04BBA48B1812B4E500E9B81A /* MoreBlanksTests.m */,
				04BBA4861812B4E500E9B81A /* Supporting Files */,
			);
			path = MoreBlanksTests;
			sourceTree = "<group>";
		};
		04BBA4861812B4E500E9B81A /* Supporting Files */ = {
			isa = PBXGroup;
			children = (
				04BBA4871812B4E500E9B81A /* MoreBlanksTests-Info.plist */,
				04BBA4881812B4E500E9B81A /* InfoPlist.strings */,
			);
			name = "Supporting Files";
			sourceTree = "<group>";
		};
/* End PBXGroup section */

/* Begin PBXNativeTarget section */
		04BBA41A1812720F00E9B81A /* Blanks */ = {
			isa = PBXNativeTarget;
			buildConfigurationList = 04BBA4501812720F00E9B81A /* Build configuration list for PBXNativeTarget "Blanks" */;
			buildPhases = (
				04BBA4171812720F00E9B81A /* Sources */,
				04BBA4181812720F00E9B81A /* Frameworks */,
				04BBA4191812720F00E9B81A /* Resources */,
			);
			buildRules = (
			);
			dependencies = (
			);
			name = Blanks;
			productName = Blanks;
			productReference = 04BBA41B1812720F00E9B81A /* Blanks.app */;
			productType = "com.apple.product-type.application";
		};
		04BBA43E1812720F00E9B81A /* BlanksTests */ = {
			isa = PBXNativeTarget;
			buildConfigurationList = 04BBA4531812720F00E9B81A /* Build configuration list for PBXNativeTarget "BlanksTests" */;
			buildPhases = (
				04BBA43B1812720F00E9B81A /* Sources */,
				04BBA43C1812720F00E9B81A /* Frameworks */,
				04BBA43D1812720F00E9B81A /* Resources */,
			);
			buildRules = (
			);
			dependencies = (
				04BBA4451812720F00E9B81A /* PBXTargetDependency */,
			);
			name = BlanksTests;
			productName = BlanksTests;
			productReference = 04BBA43F1812720F00E9B81A /* BlanksTests.xctest */;
			productType = "com.apple.product-type.bundle.unit-test";
		};
		04BBA45F1812B4E500E9B81A /* MoreBlanks */ = {
			isa = PBXNativeTarget;
			buildConfigurationList = 04BBA48D1812B4E500E9B81A /* Build configuration list for PBXNativeTarget "MoreBlanks" */;
			buildPhases = (
				04BBA45C1812B4E500E9B81A /* Sources */,
				04BBA45D1812B4E500E9B81A /* Frameworks */,
				04BBA45E1812B4E500E9B81A /* Resources */,
			);
			buildRules = (
			);
			dependencies = (
			);
			name = MoreBlanks;
			productName = MoreBlanks;
			productReference = 04BBA4601812B4E500E9B81A /* MoreBlanks.app */;
			productType = "com.apple.product-type.application";
		};
		04BBA47E1812B4E500E9B81A /* MoreBlanksTests */ = {
			isa = PBXNativeTarget;
			buildConfigurationList = 04BBA4901812B4E500E9B81A /* Build configuration list for PBXNativeTarget "MoreBlanksTests" */;
			buildPhases = (
				04BBA47B1812B4E500E9B81A /* Sources */,
				04BBA47C1812B4E500E9B81A /* Frameworks */,
				04BBA47D1812B4E500E9B81A /* Resources */,
			);
			buildRules = (
			);
			dependencies = (
				04BBA4841812B4E500E9B81A /* PBXTargetDependency */,
			);
			name = MoreBlanksTests;
			productName = MoreBlanksTests;
			productReference = 04BBA47F1812B4E500E9B81A /* MoreBlanksTests.xctest */;
			productType = "com.apple.product-type.bundle.unit-test";
		};
/* End PBXNativeTarget section */

/* Begin PBXProject section */
		04BBA4131812720F00E9B81A /* Project object */ = {
			isa = PBXProject;
			attributes = {
				LastUpgradeCheck = 0500;
				ORGANIZATIONNAME = "Kai Kunze";
				TargetAttributes = {
					04BBA43E1812720F00E9B81A = {
						TestTargetID = 04BBA41A1812720F00E9B81A;
					};
					04BBA47E1812B4E500E9B81A = {
						TestTargetID = 04BBA41A1812720F00E9B81A;
					};
				};
			};
			buildConfigurationList = 04BBA4161812720F00E9B81A /* Build configuration list for PBXProject "Blanks" */;
			compatibilityVersion = "Xcode 3.2";
			developmentRegion = English;
			hasScannedForEncodings = 0;
			knownRegions = (
				en,
				Base,
			);
			mainGroup = 04BBA4121812720F00E9B81A;
			productRefGroup = 04BBA41C1812720F00E9B81A /* Products */;
			projectDirPath = "";
			projectRoot = "";
			targets = (
				04BBA41A1812720F00E9B81A /* Blanks */,
				04BBA43E1812720F00E9B81A /* BlanksTests */,
				04BBA45F1812B4E500E9B81A /* MoreBlanks */,
				04BBA47E1812B4E500E9B81A /* MoreBlanksTests */,
			);
		};
/* End PBXProject section */

/* Begin PBXResourcesBuildPhase section */
		04BBA4191812720F00E9B81A /* Resources */ = {
			isa = PBXResourcesBuildPhase;
			buildActionMask = 2147483647;
			files = (
				04BBA43A1812720F00E9B81A /* Images.xcassets in Resources */,
				04BBA4291812720F00E9B81A /* InfoPlist.strings in Resources */,
				04BBA45A1812B40700E9B81A /* average.plist in Resources */,
				04BBA4321812720F00E9B81A /* Main.storyboard in Resources */,
			);
			runOnlyForDeploymentPostprocessing = 0;
		};
		04BBA43D1812720F00E9B81A /* Resources */ = {
			isa = PBXResourcesBuildPhase;
			buildActionMask = 2147483647;
			files = (
				04BBA45B1812B40700E9B81A /* average.plist in Resources */,
				04BBA44B1812720F00E9B81A /* InfoPlist.strings in Resources */,
			);
			runOnlyForDeploymentPostprocessing = 0;
		};
		04BBA45E1812B4E500E9B81A /* Resources */ = {
			isa = PBXResourcesBuildPhase;
			buildActionMask = 2147483647;
			files = (
				04BBA4971812B5D200E9B81A /* Images.xcassets in Resources */,
				04BBA4981812B5D500E9B81A /* Main.storyboard in Resources */,
				04BBA4991812B5DD00E9B81A /* InfoPlist.strings in Resources */,
			);
			runOnlyForDeploymentPostprocessing = 0;
		};
		04BBA47D1812B4E500E9B81A /* Resources */ = {
			isa = PBXResourcesBuildPhase;
			buildActionMask = 2147483647;
			files = (
				04BBA48A1812B4E500E9B81A /* InfoPlist.strings in Resources */,
			);
			runOnlyForDeploymentPostprocessing = 0;
		};
/* End PBXResourcesBuildPhase section */

/* Begin PBXSourcesBuildPhase section */
		04BBA4171812720F00E9B81A /* Sources */ = {
			isa = PBXSourcesBuildPhase;
			buildActionMask = 2147483647;
			files = (
				04BBA42F1812720F00E9B81A /* AppDelegate.m in Sources */,
				04BBA4351812720F00E9B81A /* BlanksViewController.m in Sources */,
				04BBA4381812720F00E9B81A /* OptionsViewController.m in Sources */,
				04BBA42B1812720F00E9B81A /* main.m in Sources */,
			);
			runOnlyForDeploymentPostprocessing = 0;
		};
		04BBA43B1812720F00E9B81A /* Sources */ = {
			isa = PBXSourcesBuildPhase;
			buildActionMask = 2147483647;
			files = (
				04BBA44D1812720F00E9B81A /* BlanksTests.m in Sources */,
			);
			runOnlyForDeploymentPostprocessing = 0;
		};
		04BBA45C1812B4E500E9B81A /* Sources */ = {
			isa = PBXSourcesBuildPhase;
			buildActionMask = 2147483647;
			files = (
				04BBA4931812B5AE00E9B81A /* AppDelegate.m in Sources */,
				04BBA4941812B5B300E9B81A /* BlanksViewController.m in Sources */,
				04BBA4951812B5B700E9B81A /* OptionsViewController.m in Sources */,
				04BBA4961812B5BB00E9B81A /* main.m in Sources */,
			);
			runOnlyForDeploymentPostprocessing = 0;
		};
		04BBA47B1812B4E500E9B81A /* Sources */ = {
			isa = PBXSourcesBuildPhase;
			buildActionMask = 2147483647;
			files = (
				04BBA48C1812B4E500E9B81A /* MoreBlanksTests.m in Sources */,
			);
			runOnlyForDeploymentPostprocessing = 0;
		};
/* End PBXSourcesBuildPhase section */

/* Begin PBXTargetDependency section */
		04BBA4451812720F00E9B81A /* PBXTargetDependency */ = {
			isa = PBXTargetDependency;
			target = 04BBA41A1812720F00E9B81A /* Blanks */;
			targetProxy = 04BBA4441812720F00E9B81A /* PBXContainerItemProxy */;
		};
		04BBA4841812B4E500E9B81A /* PBXTargetDependency */ = {
			isa = PBXTargetDependency;
			target = 04BBA45F1812B4E500E9B81A /* MoreBlanks */;
			targetProxy = 04BBA4831812B4E500E9B81A /* PBXContainerItemProxy */;
		};
/* End PBXTargetDependency section */

/* Begin PBXVariantGroup section */
		04BBA4271812720F00E9B81A /* InfoPlist.strings */ = {
			isa = PBXVariantGroup;
			children = (
				04BBA4281812720F00E9B81A /* en */,
			);
			name = InfoPlist.strings;
			sourceTree = "<group>";
		};
		04BBA4301812720F00E9B81A /* Main.storyboard */ = {
			isa = PBXVariantGroup;
			children = (
				04BBA4311812720F00E9B81A /* Base */,
			);
			name = Main.storyboard;
			sourceTree = "<group>";
		};
		04BBA4491812720F00E9B81A /* InfoPlist.strings */ = {
			isa = PBXVariantGroup;
			children = (
				04BBA44A1812720F00E9B81A /* en */,
			);
			name = InfoPlist.strings;
			sourceTree = "<group>";
		};
		04BBA4671812B4E500E9B81A /* InfoPlist.strings */ = {
			isa = PBXVariantGroup;
			children = (
				04BBA4681812B4E500E9B81A /* en */,
			);
			name = InfoPlist.strings;
			sourceTree = "<group>";
		};
		04BBA4701812B4E500E9B81A /* Main.storyboard */ = {
			isa = PBXVariantGroup;
			children = (
				04BBA4711812B4E500E9B81A /* Base */,
			);
			name = Main.storyboard;
			sourceTree = "<group>";
		};
		04BBA4881812B4E500E9B81A /* InfoPlist.strings */ = {
			isa = PBXVariantGroup;
			children = (
				04BBA4891812B4E500E9B81A /* en */,
			);
			name = InfoPlist.strings;
			sourceTree = "<group>";
		};
/* End PBXVariantGroup section */

/* Begin XCBuildConfiguration section */
		04BBA44E1812720F00E9B81A /* Debug */ = {
			isa = XCBuildConfiguration;
			buildSettings = {
				ALWAYS_SEARCH_USER_PATHS = NO;
				ARCHS = "$(ARCHS_STANDARD_INCLUDING_64_BIT)";
				CLANG_CXX_LANGUAGE_STANDARD = "gnu++0x";
				CLANG_CXX_LIBRARY = "libc++";
				CLANG_ENABLE_MODULES = YES;
				CLANG_ENABLE_OBJC_ARC = YES;
				CLANG_WARN_BOOL_CONVERSION = YES;
				CLANG_WARN_CONSTANT_CONVERSION = YES;
				CLANG_WARN_DIRECT_OBJC_ISA_USAGE = YES_ERROR;
				CLANG_WARN_EMPTY_BODY = YES;
				CLANG_WARN_ENUM_CONVERSION = YES;
				CLANG_WARN_INT_CONVERSION = YES;
				CLANG_WARN_OBJC_ROOT_CLASS = YES_ERROR;
				CLANG_WARN__DUPLICATE_METHOD_MATCH = YES;
				"CODE_SIGN_IDENTITY[sdk=iphoneos*]" = "iPhone Developer";
				COPY_PHASE_STRIP = NO;
				GCC_C_LANGUAGE_STANDARD = gnu99;
				GCC_DYNAMIC_NO_PIC = NO;
				GCC_OPTIMIZATION_LEVEL = 0;
				GCC_PREPROCESSOR_DEFINITIONS = (
					"DEBUG=1",
					"$(inherited)",
				);
				GCC_SYMBOLS_PRIVATE_EXTERN = NO;
				GCC_WARN_64_TO_32_BIT_CONVERSION = YES;
				GCC_WARN_ABOUT_RETURN_TYPE = YES_ERROR;
				GCC_WARN_UNDECLARED_SELECTOR = YES;
				GCC_WARN_UNINITIALIZED_AUTOS = YES;
				GCC_WARN_UNUSED_FUNCTION = YES;
				GCC_WARN_UNUSED_VARIABLE = YES;
				IPHONEOS_DEPLOYMENT_TARGET = 7.0;
				ONLY_ACTIVE_ARCH = YES;
				SDKROOT = iphoneos;
			};
			name = Debug;
		};
		04BBA44F1812720F00E9B81A /* Release */ = {
			isa = XCBuildConfiguration;
			buildSettings = {
				ALWAYS_SEARCH_USER_PATHS = NO;
				ARCHS = "$(ARCHS_STANDARD_INCLUDING_64_BIT)";
				CLANG_CXX_LANGUAGE_STANDARD = "gnu++0x";
				CLANG_CXX_LIBRARY = "libc++";
				CLANG_ENABLE_MODULES = YES;
				CLANG_ENABLE_OBJC_ARC = YES;
				CLANG_WARN_BOOL_CONVERSION = YES;
				CLANG_WARN_CONSTANT_CONVERSION = YES;
				CLANG_WARN_DIRECT_OBJC_ISA_USAGE = YES_ERROR;
				CLANG_WARN_EMPTY_BODY = YES;
				CLANG_WARN_ENUM_CONVERSION = YES;
				CLANG_WARN_INT_CONVERSION = YES;
				CLANG_WARN_OBJC_ROOT_CLASS = YES_ERROR;
				CLANG_WARN__DUPLICATE_METHOD_MATCH = YES;
				"CODE_SIGN_IDENTITY[sdk=iphoneos*]" = "iPhone Developer";
				COPY_PHASE_STRIP = YES;
				ENABLE_NS_ASSERTIONS = NO;
				GCC_C_LANGUAGE_STANDARD = gnu99;
				GCC_WARN_64_TO_32_BIT_CONVERSION = YES;
				GCC_WARN_ABOUT_RETURN_TYPE = YES_ERROR;
				GCC_WARN_UNDECLARED_SELECTOR = YES;
				GCC_WARN_UNINITIALIZED_AUTOS = YES;
				GCC_WARN_UNUSED_FUNCTION = YES;
				GCC_WARN_UNUSED_VARIABLE = YES;
				IPHONEOS_DEPLOYMENT_TARGET = 7.0;
				SDKROOT = iphoneos;
				VALIDATE_PRODUCT = YES;
			};
			name = Release;
		};
		04BBA4511812720F00E9B81A /* Debug */ = {
			isa = XCBuildConfiguration;
			buildSettings = {
				ASSETCATALOG_COMPILER_APPICON_NAME = AppIcon;
				ASSETCATALOG_COMPILER_LAUNCHIMAGE_NAME = LaunchImage;
				GCC_PRECOMPILE_PREFIX_HEADER = YES;
				GCC_PREFIX_HEADER = "Blanks/Blanks-Prefix.pch";
				INFOPLIST_FILE = "Blanks/Blanks-Info.plist";
				PRODUCT_NAME = "$(TARGET_NAME)";
				WRAPPER_EXTENSION = app;
			};
			name = Debug;
		};
		04BBA4521812720F00E9B81A /* Release */ = {
			isa = XCBuildConfiguration;
			buildSettings = {
				ASSETCATALOG_COMPILER_APPICON_NAME = AppIcon;
				ASSETCATALOG_COMPILER_LAUNCHIMAGE_NAME = LaunchImage;
				GCC_PRECOMPILE_PREFIX_HEADER = YES;
				GCC_PREFIX_HEADER = "Blanks/Blanks-Prefix.pch";
				INFOPLIST_FILE = "Blanks/Blanks-Info.plist";
				PRODUCT_NAME = "$(TARGET_NAME)";
				WRAPPER_EXTENSION = app;
			};
			name = Release;
		};
		04BBA4541812720F00E9B81A /* Debug */ = {
			isa = XCBuildConfiguration;
			buildSettings = {
				ARCHS = "$(ARCHS_STANDARD_INCLUDING_64_BIT)";
				BUNDLE_LOADER = "$(BUILT_PRODUCTS_DIR)/Blanks.app/Blanks";
				FRAMEWORK_SEARCH_PATHS = (
					"$(SDKROOT)/Developer/Library/Frameworks",
					"$(inherited)",
					"$(DEVELOPER_FRAMEWORKS_DIR)",
				);
				GCC_PRECOMPILE_PREFIX_HEADER = YES;
				GCC_PREFIX_HEADER = "Blanks/Blanks-Prefix.pch";
				GCC_PREPROCESSOR_DEFINITIONS = (
					"DEBUG=1",
					"$(inherited)",
				);
				INFOPLIST_FILE = "BlanksTests/BlanksTests-Info.plist";
				PRODUCT_NAME = "$(TARGET_NAME)";
				TEST_HOST = "$(BUNDLE_LOADER)";
				WRAPPER_EXTENSION = xctest;
			};
			name = Debug;
		};
		04BBA4551812720F00E9B81A /* Release */ = {
			isa = XCBuildConfiguration;
			buildSettings = {
				ARCHS = "$(ARCHS_STANDARD_INCLUDING_64_BIT)";
				BUNDLE_LOADER = "$(BUILT_PRODUCTS_DIR)/Blanks.app/Blanks";
				FRAMEWORK_SEARCH_PATHS = (
					"$(SDKROOT)/Developer/Library/Frameworks",
					"$(inherited)",
					"$(DEVELOPER_FRAMEWORKS_DIR)",
				);
				GCC_PRECOMPILE_PREFIX_HEADER = YES;
				GCC_PREFIX_HEADER = "Blanks/Blanks-Prefix.pch";
				INFOPLIST_FILE = "BlanksTests/BlanksTests-Info.plist";
				PRODUCT_NAME = "$(TARGET_NAME)";
				TEST_HOST = "$(BUNDLE_LOADER)";
				WRAPPER_EXTENSION = xctest;
			};
			name = Release;
		};
		04BBA48E1812B4E500E9B81A /* Debug */ = {
			isa = XCBuildConfiguration;
			buildSettings = {
				ARCHS = "$(ARCHS_STANDARD_INCLUDING_64_BIT)";
				ASSETCATALOG_COMPILER_APPICON_NAME = AppIcon;
				ASSETCATALOG_COMPILER_LAUNCHIMAGE_NAME = LaunchImage;
				GCC_PRECOMPILE_PREFIX_HEADER = YES;
				GCC_PREFIX_HEADER = "MoreBlanks/MoreBlanks-Prefix.pch";
				GCC_PREPROCESSOR_DEFINITIONS = (
					"DEBUG=1",
					"$(inherited)",
				);
				INFOPLIST_FILE = "MoreBlanks/MoreBlanks-Info.plist";
				PRODUCT_NAME = "$(TARGET_NAME)";
				WRAPPER_EXTENSION = app;
			};
			name = Debug;
		};
		04BBA48F1812B4E500E9B81A /* Release */ = {
			isa = XCBuildConfiguration;
			buildSettings = {
				ARCHS = "$(ARCHS_STANDARD_INCLUDING_64_BIT)";
				ASSETCATALOG_COMPILER_APPICON_NAME = AppIcon;
				ASSETCATALOG_COMPILER_LAUNCHIMAGE_NAME = LaunchImage;
				GCC_PRECOMPILE_PREFIX_HEADER = YES;
				GCC_PREFIX_HEADER = "MoreBlanks/MoreBlanks-Prefix.pch";
				INFOPLIST_FILE = "MoreBlanks/MoreBlanks-Info.plist";
				PRODUCT_NAME = "$(TARGET_NAME)";
				WRAPPER_EXTENSION = app;
			};
			name = Release;
		};
		04BBA4911812B4E500E9B81A /* Debug */ = {
			isa = XCBuildConfiguration;
			buildSettings = {
				ARCHS = "$(ARCHS_STANDARD_INCLUDING_64_BIT)";
				BUNDLE_LOADER = "$(BUILT_PRODUCTS_DIR)/Blanks.app/Blanks";
				FRAMEWORK_SEARCH_PATHS = (
					"$(SDKROOT)/Developer/Library/Frameworks",
					"$(inherited)",
					"$(DEVELOPER_FRAMEWORKS_DIR)",
				);
				GCC_PRECOMPILE_PREFIX_HEADER = YES;
				GCC_PREFIX_HEADER = "MoreBlanks/MoreBlanks-Prefix.pch";
				GCC_PREPROCESSOR_DEFINITIONS = (
					"DEBUG=1",
					"$(inherited)",
				);
				INFOPLIST_FILE = "MoreBlanksTests/MoreBlanksTests-Info.plist";
				PRODUCT_NAME = "$(TARGET_NAME)";
				TEST_HOST = "$(BUNDLE_LOADER)";
				WRAPPER_EXTENSION = xctest;
			};
			name = Debug;
		};
		04BBA4921812B4E500E9B81A /* Release */ = {
			isa = XCBuildConfiguration;
			buildSettings = {
				ARCHS = "$(ARCHS_STANDARD_INCLUDING_64_BIT)";
				BUNDLE_LOADER = "$(BUILT_PRODUCTS_DIR)/Blanks.app/Blanks";
				FRAMEWORK_SEARCH_PATHS = (
					"$(SDKROOT)/Developer/Library/Frameworks",
					"$(inherited)",
					"$(DEVELOPER_FRAMEWORKS_DIR)",
				);
				GCC_PRECOMPILE_PREFIX_HEADER = YES;
				GCC_PREFIX_HEADER = "MoreBlanks/MoreBlanks-Prefix.pch";
				INFOPLIST_FILE = "MoreBlanksTests/MoreBlanksTests-Info.plist";
				PRODUCT_NAME = "$(TARGET_NAME)";
				TEST_HOST = "$(BUNDLE_LOADER)";
				WRAPPER_EXTENSION = xctest;
			};
			name = Release;
		};
/* End XCBuildConfiguration section */

/* Begin XCConfigurationList section */
		04BBA4161812720F00E9B81A /* Build configuration list for PBXProject "Blanks" */ = {
			isa = XCConfigurationList;
			buildConfigurations = (
				04BBA44E1812720F00E9B81A /* Debug */,
				04BBA44F1812720F00E9B81A /* Release */,
			);
			defaultConfigurationIsVisible = 0;
			defaultConfigurationName = Release;
		};
		04BBA4501812720F00E9B81A /* Build configuration list for PBXNativeTarget "Blanks" */ = {
			isa = XCConfigurationList;
			buildConfigurations = (
				04BBA4511812720F00E9B81A /* Debug */,
				04BBA4521812720F00E9B81A /* Release */,
			);
			defaultConfigurationIsVisible = 0;
			defaultConfigurationName = Release;
		};
		04BBA4531812720F00E9B81A /* Build configuration list for PBXNativeTarget "BlanksTests" */ = {
			isa = XCConfigurationList;
			buildConfigurations = (
				04BBA4541812720F00E9B81A /* Debug */,
				04BBA4551812720F00E9B81A /* Release */,
			);
			defaultConfigurationIsVisible = 0;
			defaultConfigurationName = Release;
		};
		04BBA48D1812B4E500E9B81A /* Build configuration list for PBXNativeTarget "MoreBlanks" */ = {
			isa = XCConfigurationList;
			buildConfigurations = (
				04BBA48E1812B4E500E9B81A /* Debug */,
				04BBA48F1812B4E500E9B81A /* Release */,
			);
			defaultConfigurationIsVisible = 0;
		};
		04BBA4901812B4E500E9B81A /* Build configuration list for PBXNativeTarget "MoreBlanksTests" */ = {
			isa = XCConfigurationList;
			buildConfigurations = (
				04BBA4911812B4E500E9B81A /* Debug */,
				04BBA4921812B4E500E9B81A /* Release */,
			);
			defaultConfigurationIsVisible = 0;
		};
/* End XCConfigurationList section */
	};
	rootObject = 04BBA4131812720F00E9B81A /* Project object */;
}
